
Microsoft Visual Studio Solution File, Format Version 12.00
# Visual Studio Version 17
VisualStudioVersion = 17.4.33213.308
MinimumVisualStudioVersion = 10.0.40219.1
Project("{FAE04EC0-301F-11D3-BF4B-00C04F79EFBC}") = "AppEnvReader", "AppEnvReader\AppEnvReader.csproj", "{2E08392D-75BD-40F3-94A1-51231A0B6F97}"
EndProject
Project("{FAE04EC0-301F-11D3-BF4B-00C04F79EFBC}") = "AppEnvReaderDemo", "AppEnvReaderDemo\AppEnvReaderDemo.csproj", "{A4A1C79F-0BBF-414F-AC50-E261EF0A1FD4}"
EndProject
Global
	GlobalSection(SolutionConfigurationPlatforms) = preSolution
		Debug|Any CPU = Debug|Any CPU
		Release|Any CPU = Release|Any CPU
	EndGlobalSection
	GlobalSection(ProjectConfigurationPlatforms) = postSolution
		{2E08392D-75BD-40F3-94A1-51231A0B6F97}.Debug|Any CPU.ActiveCfg = Debug|Any CPU
		{2E08392D-75BD-40F3-94A1-51231A0B6F97}.Debug|Any CPU.Build.0 = Debug|Any CPU
		{2E08392D-75BD-40F3-94A1-51231A0B6F97}.Release|Any CPU.ActiveCfg = Release|Any CPU
		{2E08392D-75BD-40F3-94A1-51231A0B6F97}.Release|Any CPU.Build.0 = Release|Any CPU
		{A4A1C79F-0BBF-414F-AC50-E261EF0A1FD4}.Debug|Any CPU.ActiveCfg = Debug|Any CPU
		{A4A1C79F-0BBF-414F-AC50-E261EF0A1FD4}.Debug|Any CPU.Build.0 = Debug|Any CPU
		{A4A1C79F-0BBF-414F-AC50-E261EF0A1FD4}.Release|Any CPU.ActiveCfg = Release|Any CPU
		{A4A1C79F-0BBF-414F-AC50-E261EF0A1FD4}.Release|Any CPU.Build.0 = Release|Any CPU
	EndGlobalSection
	GlobalSection(SolutionProperties) = preSolution
		HideSolutionNode = FALSE
	EndGlobalSection
	GlobalSection(ExtensibilityGlobals) = postSolution
		SolutionGuid = {04CF190C-9D36-48A2-A39C-A52241C1241A}
	EndGlobalSection
EndGlobal
