
Microsoft Visual Studio Solution File, Format Version 12.00
# Visual Studio 15
VisualStudioVersion = 15.0.28010.2036
MinimumVisualStudioVersion = 10.0.40219.1
Project("{FAE04EC0-301F-11D3-BF4B-00C04F79EFBC}") = "AppEnvReader", "AppEnvReader\AppEnvReader.csproj", "{73082294-CDCD-49A5-A8DC-7773DD3711EA}"
EndProject
Project("{FAE04EC0-301F-11D3-BF4B-00C04F79EFBC}") = "AppEnvReaderDemo", "AppEnvReaderDemo\AppEnvReaderDemo.csproj", "{513EF148-384B-4382-A540-6CE472DDD704}"
EndProject
Global
	GlobalSection(SolutionConfigurationPlatforms) = preSolution
		Debug|Any CPU = Debug|Any CPU
		Release|Any CPU = Release|Any CPU
	EndGlobalSection
	GlobalSection(ProjectConfigurationPlatforms) = postSolution
		{73082294-CDCD-49A5-A8DC-7773DD3711EA}.Debug|Any CPU.ActiveCfg = Debug|Any CPU
		{73082294-CDCD-49A5-A8DC-7773DD3711EA}.Debug|Any CPU.Build.0 = Debug|Any CPU
		{73082294-CDCD-49A5-A8DC-7773DD3711EA}.Release|Any CPU.ActiveCfg = Release|Any CPU
		{73082294-CDCD-49A5-A8DC-7773DD3711EA}.Release|Any CPU.Build.0 = Release|Any CPU
		{513EF148-384B-4382-A540-6CE472DDD704}.Debug|Any CPU.ActiveCfg = Debug|Any CPU
		{513EF148-384B-4382-A540-6CE472DDD704}.Debug|Any CPU.Build.0 = Debug|Any CPU
		{513EF148-384B-4382-A540-6CE472DDD704}.Release|Any CPU.ActiveCfg = Release|Any CPU
		{513EF148-384B-4382-A540-6CE472DDD704}.Release|Any CPU.Build.0 = Release|Any CPU
	EndGlobalSection
	GlobalSection(SolutionProperties) = preSolution
		HideSolutionNode = FALSE
	EndGlobalSection
EndGlobal
